{
    "requires": true,
    "lockfileVersion": 1,
    "dependencies": {
        "bootstrap": {
            "version": "4.6.1",
            "resolved": "https://registry.npmjs.org/bootstrap/-/bootstrap-4.6.1.tgz",
            "integrity": "sha512-0dj+VgI9Ecom+rvvpNZ4MUZJz8dcX7WCX+eTID9+/8HgOkv3dsRzi8BGeZJCQU6flWQVYxwTQnEZFrmJSEO7og=="
        },
        "vue": {
            "version": "2.6.14",
            "resolved": "https://registry.npmjs.org/vue/-/vue-2.6.14.tgz",
            "integrity": "sha512-x2284lgYvjOMj3Za7kqzRcUSxBboHqtgRE2zlos1qWaOye5yUmHn42LB1250NJBLRwEcdrB0JRwyPTEPhfQjiQ=="
        }
    }
}
